
Microsoft Visual Studio Solution File, Format Version 12.00
# Visual Studio Version 16
VisualStudioVersion = 16.0.30804.86
MinimumVisualStudioVersion = 10.0.40219.1
Project("{FAE04EC0-301F-11D3-BF4B-00C04F79EFBC}") = "PushNotification", "PushNotification\PushNotification.csproj", "{BB1C744E-5F42-426D-9CD9-67CCA4CE517A}"
EndProject
Global
	GlobalSection(SolutionConfigurationPlatforms) = preSolution
		Debug|Any CPU = Debug|Any CPU
		Release|Any CPU = Release|Any CPU
	EndGlobalSection
	GlobalSection(ProjectConfigurationPlatforms) = postSolution
		{BB1C744E-5F42-426D-9CD9-67CCA4CE517A}.Debug|Any CPU.ActiveCfg = Debug|Any CPU
		{BB1C744E-5F42-426D-9CD9-67CCA4CE517A}.Debug|Any CPU.Build.0 = Debug|Any CPU
		{BB1C744E-5F42-426D-9CD9-67CCA4CE517A}.Release|Any CPU.ActiveCfg = Release|Any CPU
		{BB1C744E-5F42-426D-9CD9-67CCA4CE517A}.Release|Any CPU.Build.0 = Release|Any CPU
	EndGlobalSection
	GlobalSection(SolutionProperties) = preSolution
		HideSolutionNode = FALSE
	EndGlobalSection
	GlobalSection(ExtensibilityGlobals) = postSolution
		SolutionGuid = {3B682D4E-0BAB-4E9F-BCA1-8B9242FD4E6A}
	EndGlobalSection
EndGlobal
